// !$*UTF8*$!
{
	archiveVersion = 1;
	classes = {
	};
	objectVersion = 56;
	objects = {

/* Begin PBXBuildFile section */
		9C1943DE2BABD8CF002E2F81 /* Preview Assets.xcassets in Resources */ = {isa = PBXBuildFile; fileRef = 9C1943DC2BABD8CF002E2F81 /* Preview Assets.xcassets */; };
		9C1943E22BAC9B57002E2F81 /* Stack.swift in Sources */ = {isa = PBXBuildFile; fileRef = 9C1943E12BAC9B57002E2F81 /* Stack.swift */; };
		9C1943E62BAE1410002E2F81 /* Testing.swift in Sources */ = {isa = PBXBuildFile; fileRef = 9C1943E52BAE1410002E2F81 /* Testing.swift */; };
		9C1943EA2BB2340D002E2F81 /* HowToPlay.swift in Sources */ = {isa = PBXBuildFile; fileRef = 9C1943E92BB2340D002E2F81 /* HowToPlay.swift */; };
		9C3C13652BA19D160026B215 /* Ride_The_Bus_2App.swift in Sources */ = {isa = PBXBuildFile; fileRef = 9C3C13642BA19D160026B215 /* Ride_The_Bus_2App.swift */; };
		9C3C13672BA19D160026B215 /* ContentView.swift in Sources */ = {isa = PBXBuildFile; fileRef = 9C3C13662BA19D160026B215 /* ContentView.swift */; };
		9C3C13A02BA19DB40026B215 /* SplashScreenView.swift in Sources */ = {isa = PBXBuildFile; fileRef = 9C3C139F2BA19DB40026B215 /* SplashScreenView.swift */; };
		9C3C13A22BA23A560026B215 /* GamePage.swift in Sources */ = {isa = PBXBuildFile; fileRef = 9C3C13A12BA23A560026B215 /* GamePage.swift */; };
		9C8270272BB2958A00D3937E /* Assets.xcassets in Resources */ = {isa = PBXBuildFile; fileRef = 9C8270262BB2958A00D3937E /* Assets.xcassets */; };
		9C8270292BB331AD00D3937E /* CardView.swift in Sources */ = {isa = PBXBuildFile; fileRef = 9C8270282BB331AD00D3937E /* CardView.swift */; };
		9C82702B2BB4B05D00D3937E /* Card.swift in Sources */ = {isa = PBXBuildFile; fileRef = 9C82702A2BB4B05D00D3937E /* Card.swift */; };
		9C82702D2BB5F28100D3937E /* FinishScreen.swift in Sources */ = {isa = PBXBuildFile; fileRef = 9C82702C2BB5F28100D3937E /* FinishScreen.swift */; };
		9C82702F2BB60C4600D3937E /* winSplash.swift in Sources */ = {isa = PBXBuildFile; fileRef = 9C82702E2BB60C4600D3937E /* winSplash.swift */; };
		9C8CB2532BB6227600FD5B66 /* UserDataFileManager.swift in Sources */ = {isa = PBXBuildFile; fileRef = 9C8CB2522BB6227600FD5B66 /* UserDataFileManager.swift */; };
		9C8CB2552BB62AA700FD5B66 /* Leaderboard.swift in Sources */ = {isa = PBXBuildFile; fileRef = 9C8CB2542BB62AA700FD5B66 /* Leaderboard.swift */; };
		9C8CB2592BB6713F00FD5B66 /* BusIntro2.mp3 in Resources */ = {isa = PBXBuildFile; fileRef = 9C8CB2582BB6713F00FD5B66 /* BusIntro2.mp3 */; };
		9C8CB25B2BB6714600FD5B66 /* BusEnd.mp3 in Resources */ = {isa = PBXBuildFile; fileRef = 9C8CB25A2BB6714600FD5B66 /* BusEnd.mp3 */; };
/* End PBXBuildFile section */

/* Begin PBXFileReference section */
		9C1943DC2BABD8CF002E2F81 /* Preview Assets.xcassets */ = {isa = PBXFileReference; lastKnownFileType = folder.assetcatalog; path = "Preview Assets.xcassets"; sourceTree = "<group>"; };
		9C1943E12BAC9B57002E2F81 /* Stack.swift */ = {isa = PBXFileReference; lastKnownFileType = sourcecode.swift; path = Stack.swift; sourceTree = "<group>"; };
		9C1943E52BAE1410002E2F81 /* Testing.swift */ = {isa = PBXFileReference; lastKnownFileType = sourcecode.swift; path = Testing.swift; sourceTree = "<group>"; };
		9C1943E92BB2340D002E2F81 /* HowToPlay.swift */ = {isa = PBXFileReference; lastKnownFileType = sourcecode.swift; path = HowToPlay.swift; sourceTree = "<group>"; };
		9C3C13612BA19D160026B215 /* Ride The Bus 2.app */ = {isa = PBXFileReference; explicitFileType = wrapper.application; includeInIndex = 0; path = "Ride The Bus 2.app"; sourceTree = BUILT_PRODUCTS_DIR; };
		9C3C13642BA19D160026B215 /* Ride_The_Bus_2App.swift */ = {isa = PBXFileReference; lastKnownFileType = sourcecode.swift; path = Ride_The_Bus_2App.swift; sourceTree = "<group>"; };
		9C3C13662BA19D160026B215 /* ContentView.swift */ = {isa = PBXFileReference; lastKnownFileType = sourcecode.swift; path = ContentView.swift; sourceTree = "<group>"; };
		9C3C139F2BA19DB40026B215 /* SplashScreenView.swift */ = {isa = PBXFileReference; lastKnownFileType = sourcecode.swift; path = SplashScreenView.swift; sourceTree = "<group>"; };
		9C3C13A12BA23A560026B215 /* GamePage.swift */ = {isa = PBXFileReference; lastKnownFileType = sourcecode.swift; path = GamePage.swift; sourceTree = "<group>"; usesTabs = 0; };
		9C8270262BB2958A00D3937E /* Assets.xcassets */ = {isa = PBXFileReference; lastKnownFileType = folder.assetcatalog; name = Assets.xcassets; path = "Ride The Bus 2/Assets.xcassets"; sourceTree = SOURCE_ROOT; };
		9C8270282BB331AD00D3937E /* CardView.swift */ = {isa = PBXFileReference; lastKnownFileType = sourcecode.swift; path = CardView.swift; sourceTree = "<group>"; };
		9C82702A2BB4B05D00D3937E /* Card.swift */ = {isa = PBXFileReference; lastKnownFileType = sourcecode.swift; path = Card.swift; sourceTree = "<group>"; };
		9C82702C2BB5F28100D3937E /* FinishScreen.swift */ = {isa = PBXFileReference; lastKnownFileType = sourcecode.swift; path = FinishScreen.swift; sourceTree = "<group>"; };
		9C82702E2BB60C4600D3937E /* winSplash.swift */ = {isa = PBXFileReference; lastKnownFileType = sourcecode.swift; path = winSplash.swift; sourceTree = "<group>"; };
		9C8CB2522BB6227600FD5B66 /* UserDataFileManager.swift */ = {isa = PBXFileReference; lastKnownFileType = sourcecode.swift; path = UserDataFileManager.swift; sourceTree = "<group>"; };
		9C8CB2542BB62AA700FD5B66 /* Leaderboard.swift */ = {isa = PBXFileReference; lastKnownFileType = sourcecode.swift; path = Leaderboard.swift; sourceTree = "<group>"; };
		9C8CB2582BB6713F00FD5B66 /* BusIntro2.mp3 */ = {isa = PBXFileReference; lastKnownFileType = audio.mp3; path = BusIntro2.mp3; sourceTree = "<group>"; };
		9C8CB25A2BB6714600FD5B66 /* BusEnd.mp3 */ = {isa = PBXFileReference; lastKnownFileType = audio.mp3; path = BusEnd.mp3; sourceTree = "<group>"; };
/* End PBXFileReference section */

/* Begin PBXFrameworksBuildPhase section */
		9C3C135E2BA19D160026B215 /* Frameworks */ = {
			isa = PBXFrameworksBuildPhase;
			buildActionMask = 2147483647;
			files = (
			);
			runOnlyForDeploymentPostprocessing = 0;
		};
/* End PBXFrameworksBuildPhase section */

/* Begin PBXGroup section */
		9C1943DD2BABD8CF002E2F81 /* Preview Content */ = {
			isa = PBXGroup;
			children = (
				9C1943DC2BABD8CF002E2F81 /* Preview Assets.xcassets */,
			);
			path = "Preview Content";
			sourceTree = "<group>";
		};
		9C3C13582BA19D160026B215 = {
			isa = PBXGroup;
			children = (
				9C3C13632BA19D160026B215 /* Ride The Bus 2 */,
				9C3C13622BA19D160026B215 /* Products */,
			);
			sourceTree = "<group>";
		};
		9C3C13622BA19D160026B215 /* Products */ = {
			isa = PBXGroup;
			children = (
				9C3C13612BA19D160026B215 /* Ride The Bus 2.app */,
			);
			name = Products;
			sourceTree = "<group>";
		};
		9C3C13632BA19D160026B215 /* Ride The Bus 2 */ = {
			isa = PBXGroup;
			children = (
				9C1943E92BB2340D002E2F81 /* HowToPlay.swift */,
				9C3C13A12BA23A560026B215 /* GamePage.swift */,
				9C8270282BB331AD00D3937E /* CardView.swift */,
				9C3C139F2BA19DB40026B215 /* SplashScreenView.swift */,
				9C8CB2542BB62AA700FD5B66 /* Leaderboard.swift */,
				9C3C13642BA19D160026B215 /* Ride_The_Bus_2App.swift */,
				9C3C13662BA19D160026B215 /* ContentView.swift */,
				9C1943E12BAC9B57002E2F81 /* Stack.swift */,
				9C1943E52BAE1410002E2F81 /* Testing.swift */,
				9C82702A2BB4B05D00D3937E /* Card.swift */,
				9C82702C2BB5F28100D3937E /* FinishScreen.swift */,
				9C82702E2BB60C4600D3937E /* winSplash.swift */,
				9C8CB2522BB6227600FD5B66 /* UserDataFileManager.swift */,
				9C8270262BB2958A00D3937E /* Assets.xcassets */,
				9C8CB2582BB6713F00FD5B66 /* BusIntro2.mp3 */,
				9C8CB25A2BB6714600FD5B66 /* BusEnd.mp3 */,
				9C1943DD2BABD8CF002E2F81 /* Preview Content */,
			);
			path = "Ride The Bus 2";
			sourceTree = "<group>";
		};
/* End PBXGroup section */

/* Begin PBXNativeTarget section */
		9C3C13602BA19D160026B215 /* Ride The Bus 2 */ = {
			isa = PBXNativeTarget;
			buildConfigurationList = 9C3C136F2BA19D170026B215 /* Build configuration list for PBXNativeTarget "Ride The Bus 2" */;
			buildPhases = (
				9C3C135D2BA19D160026B215 /* Sources */,
				9C3C135E2BA19D160026B215 /* Frameworks */,
				9C3C135F2BA19D160026B215 /* Resources */,
			);
			buildRules = (
			);
			dependencies = (
			);
			name = "Ride The Bus 2";
			productName = "Ride The Bus 2";
			productReference = 9C3C13612BA19D160026B215 /* Ride The Bus 2.app */;
			productType = "com.apple.product-type.application";
		};
/* End PBXNativeTarget section */

/* Begin PBXProject section */
		9C3C13592BA19D160026B215 /* Project object */ = {
			isa = PBXProject;
			attributes = {
				BuildIndependentTargetsInParallel = 1;
				LastSwiftUpdateCheck = 1530;
				LastUpgradeCheck = 1530;
				TargetAttributes = {
					9C3C13602BA19D160026B215 = {
						CreatedOnToolsVersion = 15.3;
					};
				};
			};
			buildConfigurationList = 9C3C135C2BA19D160026B215 /* Build configuration list for PBXProject "Ride The Bus 2" */;
			compatibilityVersion = "Xcode 14.0";
			developmentRegion = en;
			hasScannedForEncodings = 0;
			knownRegions = (
				en,
				Base,
			);
			mainGroup = 9C3C13582BA19D160026B215;
			productRefGroup = 9C3C13622BA19D160026B215 /* Products */;
			projectDirPath = "";
			projectRoot = "";
			targets = (
				9C3C13602BA19D160026B215 /* Ride The Bus 2 */,
			);
		};
/* End PBXProject section */

/* Begin PBXResourcesBuildPhase section */
		9C3C135F2BA19D160026B215 /* Resources */ = {
			isa = PBXResourcesBuildPhase;
			buildActionMask = 2147483647;
			files = (
				9C8270272BB2958A00D3937E /* Assets.xcassets in Resources */,
				9C8CB25B2BB6714600FD5B66 /* BusEnd.mp3 in Resources */,
				9C8CB2592BB6713F00FD5B66 /* BusIntro2.mp3 in Resources */,
				9C1943DE2BABD8CF002E2F81 /* Preview Assets.xcassets in Resources */,
			);
			runOnlyForDeploymentPostprocessing = 0;
		};
/* End PBXResourcesBuildPhase section */

/* Begin PBXSourcesBuildPhase section */
		9C3C135D2BA19D160026B215 /* Sources */ = {
			isa = PBXSourcesBuildPhase;
			buildActionMask = 2147483647;
			files = (
				9C8CB2532BB6227600FD5B66 /* UserDataFileManager.swift in Sources */,
				9C1943E62BAE1410002E2F81 /* Testing.swift in Sources */,
				9C82702B2BB4B05D00D3937E /* Card.swift in Sources */,
				9C1943EA2BB2340D002E2F81 /* HowToPlay.swift in Sources */,
				9C3C13A22BA23A560026B215 /* GamePage.swift in Sources */,
				9C1943E22BAC9B57002E2F81 /* Stack.swift in Sources */,
				9C3C13672BA19D160026B215 /* ContentView.swift in Sources */,
				9C3C13652BA19D160026B215 /* Ride_The_Bus_2App.swift in Sources */,
				9C8270292BB331AD00D3937E /* CardView.swift in Sources */,
				9C82702D2BB5F28100D3937E /* FinishScreen.swift in Sources */,
				9C82702F2BB60C4600D3937E /* winSplash.swift in Sources */,
				9C8CB2552BB62AA700FD5B66 /* Leaderboard.swift in Sources */,
				9C3C13A02BA19DB40026B215 /* SplashScreenView.swift in Sources */,
			);
			runOnlyForDeploymentPostprocessing = 0;
		};
/* End PBXSourcesBuildPhase section */

/* Begin XCBuildConfiguration section */
		9C3C136D2BA19D170026B215 /* Debug */ = {
			isa = XCBuildConfiguration;
			buildSettings = {
				ALWAYS_SEARCH_USER_PATHS = NO;
				ASSETCATALOG_COMPILER_GENERATE_SWIFT_ASSET_SYMBOL_EXTENSIONS = YES;
				CLANG_ANALYZER_NONNULL = YES;
				CLANG_ANALYZER_NUMBER_OBJECT_CONVERSION = YES_AGGRESSIVE;
				CLANG_CXX_LANGUAGE_STANDARD = "gnu++20";
				CLANG_ENABLE_MODULES = YES;
				CLANG_ENABLE_OBJC_ARC = YES;
				CLANG_ENABLE_OBJC_WEAK = YES;
				CLANG_WARN_BLOCK_CAPTURE_AUTORELEASING = YES;
				CLANG_WARN_BOOL_CONVERSION = YES;
				CLANG_WARN_COMMA = YES;
				CLANG_WARN_CONSTANT_CONVERSION = YES;
				CLANG_WARN_DEPRECATED_OBJC_IMPLEMENTATIONS = YES;
				CLANG_WARN_DIRECT_OBJC_ISA_USAGE = YES_ERROR;
				CLANG_WARN_DOCUMENTATION_COMMENTS = YES;
				CLANG_WARN_EMPTY_BODY = YES;
				CLANG_WARN_ENUM_CONVERSION = YES;
				CLANG_WARN_INFINITE_RECURSION = YES;
				CLANG_WARN_INT_CONVERSION = YES;
				CLANG_WARN_NON_LITERAL_NULL_CONVERSION = YES;
				CLANG_WARN_OBJC_IMPLICIT_RETAIN_SELF = YES;
				CLANG_WARN_OBJC_LITERAL_CONVERSION = YES;
				CLANG_WARN_OBJC_ROOT_CLASS = YES_ERROR;
				CLANG_WARN_QUOTED_INCLUDE_IN_FRAMEWORK_HEADER = YES;
				CLANG_WARN_RANGE_LOOP_ANALYSIS = YES;
				CLANG_WARN_STRICT_PROTOTYPES = YES;
				CLANG_WARN_SUSPICIOUS_MOVE = YES;
				CLANG_WARN_UNGUARDED_AVAILABILITY = YES_AGGRESSIVE;
				CLANG_WARN_UNREACHABLE_CODE = YES;
				CLANG_WARN__DUPLICATE_METHOD_MATCH = YES;
				COPY_PHASE_STRIP = NO;
				DEBUG_INFORMATION_FORMAT = dwarf;
				ENABLE_STRICT_OBJC_MSGSEND = YES;
				ENABLE_TESTABILITY = YES;
				ENABLE_USER_SCRIPT_SANDBOXING = YES;
				GCC_C_LANGUAGE_STANDARD = gnu17;
				GCC_DYNAMIC_NO_PIC = NO;
				GCC_NO_COMMON_BLOCKS = YES;
				GCC_OPTIMIZATION_LEVEL = 0;
				GCC_PREPROCESSOR_DEFINITIONS = (
					"DEBUG=1",
					"$(inherited)",
				);
				GCC_WARN_64_TO_32_BIT_CONVERSION = YES;
				GCC_WARN_ABOUT_RETURN_TYPE = YES_ERROR;
				GCC_WARN_UNDECLARED_SELECTOR = YES;
				GCC_WARN_UNINITIALIZED_AUTOS = YES_AGGRESSIVE;
				GCC_WARN_UNUSED_FUNCTION = YES;
				GCC_WARN_UNUSED_VARIABLE = YES;
				IPHONEOS_DEPLOYMENT_TARGET = 17.4;
				LOCALIZATION_PREFERS_STRING_CATALOGS = YES;
				MTL_ENABLE_DEBUG_INFO = INCLUDE_SOURCE;
				MTL_FAST_MATH = YES;
				ONLY_ACTIVE_ARCH = YES;
				SDKROOT = iphoneos;
				SWIFT_ACTIVE_COMPILATION_CONDITIONS = "DEBUG $(inherited)";
				SWIFT_OPTIMIZATION_LEVEL = "-Onone";
			};
			name = Debug;
		};
		9C3C136E2BA19D170026B215 /* Release */ = {
			isa = XCBuildConfiguration;
			buildSettings = {
				ALWAYS_SEARCH_USER_PATHS = NO;
				ASSETCATALOG_COMPILER_GENERATE_SWIFT_ASSET_SYMBOL_EXTENSIONS = YES;
				CLANG_ANALYZER_NONNULL = YES;
				CLANG_ANALYZER_NUMBER_OBJECT_CONVERSION = YES_AGGRESSIVE;
				CLANG_CXX_LANGUAGE_STANDARD = "gnu++20";
				CLANG_ENABLE_MODULES = YES;
				CLANG_ENABLE_OBJC_ARC = YES;
				CLANG_ENABLE_OBJC_WEAK = YES;
				CLANG_WARN_BLOCK_CAPTURE_AUTORELEASING = YES;
				CLANG_WARN_BOOL_CONVERSION = YES;
				CLANG_WARN_COMMA = YES;
				CLANG_WARN_CONSTANT_CONVERSION = YES;
				CLANG_WARN_DEPRECATED_OBJC_IMPLEMENTATIONS = YES;
				CLANG_WARN_DIRECT_OBJC_ISA_USAGE = YES_ERROR;
				CLANG_WARN_DOCUMENTATION_COMMENTS = YES;
				CLANG_WARN_EMPTY_BODY = YES;
				CLANG_WARN_ENUM_CONVERSION = YES;
				CLANG_WARN_INFINITE_RECURSION = YES;
				CLANG_WARN_INT_CONVERSION = YES;
				CLANG_WARN_NON_LITERAL_NULL_CONVERSION = YES;
				CLANG_WARN_OBJC_IMPLICIT_RETAIN_SELF = YES;
				CLANG_WARN_OBJC_LITERAL_CONVERSION = YES;
				CLANG_WARN_OBJC_ROOT_CLASS = YES_ERROR;
				CLANG_WARN_QUOTED_INCLUDE_IN_FRAMEWORK_HEADER = YES;
				CLANG_WARN_RANGE_LOOP_ANALYSIS = YES;
				CLANG_WARN_STRICT_PROTOTYPES = YES;
				CLANG_WARN_SUSPICIOUS_MOVE = YES;
				CLANG_WARN_UNGUARDED_AVAILABILITY = YES_AGGRESSIVE;
				CLANG_WARN_UNREACHABLE_CODE = YES;
				CLANG_WARN__DUPLICATE_METHOD_MATCH = YES;
				COPY_PHASE_STRIP = NO;
				DEBUG_INFORMATION_FORMAT = "dwarf-with-dsym";
				ENABLE_NS_ASSERTIONS = NO;
				ENABLE_STRICT_OBJC_MSGSEND = YES;
				ENABLE_USER_SCRIPT_SANDBOXING = YES;
				GCC_C_LANGUAGE_STANDARD = gnu17;
				GCC_NO_COMMON_BLOCKS = YES;
				GCC_WARN_64_TO_32_BIT_CONVERSION = YES;
				GCC_WARN_ABOUT_RETURN_TYPE = YES_ERROR;
				GCC_WARN_UNDECLARED_SELECTOR = YES;
				GCC_WARN_UNINITIALIZED_AUTOS = YES_AGGRESSIVE;
				GCC_WARN_UNUSED_FUNCTION = YES;
				GCC_WARN_UNUSED_VARIABLE = YES;
				IPHONEOS_DEPLOYMENT_TARGET = 17.4;
				LOCALIZATION_PREFERS_STRING_CATALOGS = YES;
				MTL_ENABLE_DEBUG_INFO = NO;
				MTL_FAST_MATH = YES;
				SDKROOT = iphoneos;
				SWIFT_COMPILATION_MODE = wholemodule;
				VALIDATE_PRODUCT = YES;
			};
			name = Release;
		};
		9C3C13702BA19D170026B215 /* Debug */ = {
			isa = XCBuildConfiguration;
			buildSettings = {
				ASSETCATALOG_COMPILER_APPICON_NAME = AppIcon;
				ASSETCATALOG_COMPILER_GLOBAL_ACCENT_COLOR_NAME = AccentColor;
				CODE_SIGN_STYLE = Automatic;
				CURRENT_PROJECT_VERSION = 1;
				DEVELOPMENT_ASSET_PATHS = "\"Ride The Bus 2/Preview Content\"";
				ENABLE_PREVIEWS = YES;
				GENERATE_INFOPLIST_FILE = YES;
				INFOPLIST_KEY_UIApplicationSceneManifest_Generation = YES;
				INFOPLIST_KEY_UIApplicationSupportsIndirectInputEvents = YES;
				INFOPLIST_KEY_UILaunchScreen_Generation = YES;
				INFOPLIST_KEY_UISupportedInterfaceOrientations = UIInterfaceOrientationPortrait;
				INFOPLIST_KEY_UISupportedInterfaceOrientations_iPad = "UIInterfaceOrientationLandscapeLeft UIInterfaceOrientationLandscapeRight UIInterfaceOrientationPortrait";
				LD_RUNPATH_SEARCH_PATHS = (
					"$(inherited)",
					"@executable_path/Frameworks",
				);
				MARKETING_VERSION = 1.0;
				PRODUCT_BUNDLE_IDENTIFIER = "Rpk.Ride-The-Bus-2";
				PRODUCT_NAME = "$(TARGET_NAME)";
				SWIFT_EMIT_LOC_STRINGS = YES;
				SWIFT_VERSION = 5.0;
				TARGETED_DEVICE_FAMILY = "1,2";
			};
			name = Debug;
		};
		9C3C13712BA19D170026B215 /* Release */ = {
			isa = XCBuildConfiguration;
			buildSettings = {
				ASSETCATALOG_COMPILER_APPICON_NAME = AppIcon;
				ASSETCATALOG_COMPILER_GLOBAL_ACCENT_COLOR_NAME = AccentColor;
				CODE_SIGN_STYLE = Automatic;
				CURRENT_PROJECT_VERSION = 1;
				DEVELOPMENT_ASSET_PATHS = "\"Ride The Bus 2/Preview Content\"";
				ENABLE_PREVIEWS = YES;
				GENERATE_INFOPLIST_FILE = YES;
				INFOPLIST_KEY_UIApplicationSceneManifest_Generation = YES;
				INFOPLIST_KEY_UIApplicationSupportsIndirectInputEvents = YES;
				INFOPLIST_KEY_UILaunchScreen_Generation = YES;
				INFOPLIST_KEY_UISupportedInterfaceOrientations = UIInterfaceOrientationPortrait;
				INFOPLIST_KEY_UISupportedInterfaceOrientations_iPad = "UIInterfaceOrientationLandscapeLeft UIInterfaceOrientationLandscapeRight UIInterfaceOrientationPortrait";
				LD_RUNPATH_SEARCH_PATHS = (
					"$(inherited)",
					"@executable_path/Frameworks",
				);
				MARKETING_VERSION = 1.0;
				PRODUCT_BUNDLE_IDENTIFIER = "Rpk.Ride-The-Bus-2";
				PRODUCT_NAME = "$(TARGET_NAME)";
				SWIFT_EMIT_LOC_STRINGS = YES;
				SWIFT_VERSION = 5.0;
				TARGETED_DEVICE_FAMILY = "1,2";
			};
			name = Release;
		};
/* End XCBuildConfiguration section */

/* Begin XCConfigurationList section */
		9C3C135C2BA19D160026B215 /* Build configuration list for PBXProject "Ride The Bus 2" */ = {
			isa = XCConfigurationList;
			buildConfigurations = (
				9C3C136D2BA19D170026B215 /* Debug */,
				9C3C136E2BA19D170026B215 /* Release */,
			);
			defaultConfigurationIsVisible = 0;
			defaultConfigurationName = Release;
		};
		9C3C136F2BA19D170026B215 /* Build configuration list for PBXNativeTarget "Ride The Bus 2" */ = {
			isa = XCConfigurationList;
			buildConfigurations = (
				9C3C13702BA19D170026B215 /* Debug */,
				9C3C13712BA19D170026B215 /* Release */,
			);
			defaultConfigurationIsVisible = 0;
			defaultConfigurationName = Release;
		};
/* End XCConfigurationList section */
	};
	rootObject = 9C3C13592BA19D160026B215 /* Project object */;
}
